PODS:
  - Buglife (2.8.0)
  - Crashlytics (3.10.1):
    - Fabric (~> 1.7.5)
  - DZNEmptyDataSet (1.8.1)
  - Fabric (1.7.6)
  - IQKeyboardManagerSwift (6.0.3)
  - KeychainAccess (3.1.1)
  - mailcore2-ios (0.6.4)
  - Realm (3.7.5):
    - Realm/Headers (= 3.7.5)
  - Realm/Headers (3.7.5)
  - RealmSwift (3.7.5):
    - Realm (= 3.7.5)

DEPENDENCIES:
  - Buglife (= 2.8.0)
  - Crashlytics (= 3.10.1)
  - DZNEmptyDataSet (= 1.8.1)
  - Fabric (= 1.7.6)
  - IQKeyboardManagerSwift (= 6.0.3)
  - KeychainAccess (= 3.1.1)
  - mailcore2-ios (= 0.6.4)
  - RealmSwift (= 3.7.5)

SPEC REPOS:
  https://github.com/cocoapods/specs.git:
    - Buglife
    - Crashlytics
    - DZNEmptyDataSet
    - Fabric
    - IQKeyboardManagerSwift
    - KeychainAccess
    - mailcore2-ios
    - Realm
    - RealmSwift

SPEC CHECKSUMS:
  Buglife: fed8594db4b440bc85d44629b90f2575713e8825
  Crashlytics: aee1a064cbbf99b32efa3f056a5f458d846bc8ff
  DZNEmptyDataSet: 9525833b9e68ac21c30253e1d3d7076cc828eaa7
  Fabric: f8d42c893bb187326a7968b62abe55c36a987a46
  IQKeyboardManagerSwift: 04e8679f85e496bb2c474eeb9284052f1b3c391c
  KeychainAccess: 7bd430028059754a3debab3cfc0bd1fc7fb85df3
  mailcore2-ios: 3ff0be2fa553d4da9c11d39c11d51863c768f24f
  Realm: c286caf4dbf346ce24aad49ca76c7ce622d4a082
  RealmSwift: 2a9281e37d6de55f66f76254d49d28aeb1b729e4

PODFILE CHECKSUM: e5c5afb362ff1692f489ffa3962f5a1b14dd9ee5

COCOAPODS: 1.5.3
