PODS:
  - Buglife (2.8.0)
  - Crashlytics (3.13.4):
    - Fabric (~> 1.10.2)
  - DZNEmptyDataSet (1.8.1)
  - Fabric (1.10.2)
  - IQKeyboardManagerSwift (6.4.0)
  - KeychainAccess (3.2.0)
  - mailcore2-ios (0.6.4)
  - Realm (3.17.3):
    - Realm/Headers (= 3.17.3)
  - Realm/Headers (3.17.3)
  - RealmSwift (3.17.3):
    - Realm (= 3.17.3)

DEPENDENCIES:
  - Buglife (= 2.8.0)
  - Crashlytics (= 3.13.4)
  - DZNEmptyDataSet (= 1.8.1)
  - Fabric (= 1.10.2)
  - IQKeyboardManagerSwift (= 6.4.0)
  - KeychainAccess (= 3.2.0)
  - mailcore2-ios (= 0.6.4)
  - RealmSwift (= 3.17.3)

SPEC REPOS:
  https://github.com/cocoapods/specs.git:
    - Buglife
    - Crashlytics
    - DZNEmptyDataSet
    - Fabric
    - IQKeyboardManagerSwift
    - KeychainAccess
    - mailcore2-ios
    - Realm
    - RealmSwift

SPEC CHECKSUMS:
  Buglife: fed8594db4b440bc85d44629b90f2575713e8825
  Crashlytics: 2dfd686bcb918dc10ee0e76f7f853fe42c7bd552
  DZNEmptyDataSet: 9525833b9e68ac21c30253e1d3d7076cc828eaa7
  Fabric: 706c8b8098fff96c33c0db69cbf81f9c551d0d74
  IQKeyboardManagerSwift: ed9b04ee0e3067ffba543283462d619f944b05e5
  KeychainAccess: 3b1bf8a77eb4c6ea1ce9404c292e48f948954c6b
  mailcore2-ios: 3ff0be2fa553d4da9c11d39c11d51863c768f24f
  Realm: 5a1d9d47bfc101dd597668b1a8af4288a2557f6d
  RealmSwift: b7fdc2d18616621c31df5c7a398a45a2163f8eb0

PODFILE CHECKSUM: ea4f0d083ae956dfd426566325f96c0b82cf06d3

COCOAPODS: 1.7.4
