PODS:
  - Buglife (2.8.0)
  - Crashlytics (3.10.1):
    - Fabric (~> 1.7.5)
  - DZNEmptyDataSet (1.8.1)
  - Fabric (1.7.6)
  - IQKeyboardManagerSwift (6.2.1)
  - KeychainAccess (3.2.0)
  - mailcore2-ios (0.6.4)
  - Realm (3.7.5):
    - Realm/Headers (= 3.7.5)
  - Realm/Headers (3.7.5)
  - RealmSwift (3.7.5):
    - Realm (= 3.7.5)

DEPENDENCIES:
  - Buglife (= 2.8.0)
  - Crashlytics (= 3.10.1)
  - DZNEmptyDataSet (= 1.8.1)
  - Fabric (= 1.7.6)
  - IQKeyboardManagerSwift (= 6.2.1)
  - KeychainAccess (= 3.2.0)
  - mailcore2-ios (= 0.6.4)
  - RealmSwift (= 3.7.5)

SPEC REPOS:
  https://github.com/cocoapods/specs.git:
    - Buglife
    - Crashlytics
    - DZNEmptyDataSet
    - Fabric
    - IQKeyboardManagerSwift
    - KeychainAccess
    - mailcore2-ios
    - Realm
    - RealmSwift

SPEC CHECKSUMS:
  Buglife: fed8594db4b440bc85d44629b90f2575713e8825
  Crashlytics: aee1a064cbbf99b32efa3f056a5f458d846bc8ff
  DZNEmptyDataSet: 9525833b9e68ac21c30253e1d3d7076cc828eaa7
  Fabric: f8d42c893bb187326a7968b62abe55c36a987a46
  IQKeyboardManagerSwift: 0f0ae8935360b4003e6ea1ac7c19898f01e2f7c7
  KeychainAccess: 3b1bf8a77eb4c6ea1ce9404c292e48f948954c6b
  mailcore2-ios: 3ff0be2fa553d4da9c11d39c11d51863c768f24f
  Realm: c286caf4dbf346ce24aad49ca76c7ce622d4a082
  RealmSwift: 2a9281e37d6de55f66f76254d49d28aeb1b729e4

PODFILE CHECKSUM: bba737f926f50c23b2ffc509d1e195b3522f035b

COCOAPODS: 1.5.3
