// !$*UTF8*$!
{
	archiveVersion = 1;
	classes = {
	};
	objectVersion = 48;
	objects = {

/* Begin PBXBuildFile section */
		1D00D4D02044169F00759E9F /* PDFViewController.swift in Sources */ = {isa = PBXBuildFile; fileRef = 1D00D4CF2044169F00759E9F /* PDFViewController.swift */; };
		1D06376520A9D8880013E145 /* TextField.swift in Sources */ = {isa = PBXBuildFile; fileRef = 1D06376420A9D8880013E145 /* TextField.swift */; };
		1D08F5172128250E00563B27 /* UserInfosViewController.swift in Sources */ = {isa = PBXBuildFile; fileRef = 1D08F5162128250E00563B27 /* UserInfosViewController.swift */; };
		1D08F51A2128284500563B27 /* UserInfosViewController.storyboard in Resources */ = {isa = PBXBuildFile; fileRef = 1D08F51C2128284500563B27 /* UserInfosViewController.storyboard */; };
		1D1052A820ADD233007C5CCF /* AlertExtension.swift in Sources */ = {isa = PBXBuildFile; fileRef = 1D1052A720ADD233007C5CCF /* AlertExtension.swift */; };
		1D1052AB20ADE23E007C5CCF /* Settings.swift in Sources */ = {isa = PBXBuildFile; fileRef = 1D1052AA20ADE23E007C5CCF /* Settings.swift */; };
		1D16EA0120AD8F0C00A8A248 /* StringExtension.swift in Sources */ = {isa = PBXBuildFile; fileRef = 1D16EA0020AD8F0C00A8A248 /* StringExtension.swift */; };
		1D370E18206A81E1005583BB /* SettingsViewController.swift in Sources */ = {isa = PBXBuildFile; fileRef = 1D370E17206A81E1005583BB /* SettingsViewController.swift */; };
		1D370E1A206A87ED005583BB /* ResetPasswordViewController.swift in Sources */ = {isa = PBXBuildFile; fileRef = 1D370E19206A87ED005583BB /* ResetPasswordViewController.swift */; };
		1D3FC04720EE281F00E9B5C5 /* UIButton.swift in Sources */ = {isa = PBXBuildFile; fileRef = 1D3FC04620EE281F00E9B5C5 /* UIButton.swift */; };
		1D42C4A5202DB5BA0033BEF1 /* SelectYearViewController.swift in Sources */ = {isa = PBXBuildFile; fileRef = 1D42C4A4202DB5BA0033BEF1 /* SelectYearViewController.swift */; };
		1D4809CC2023AB0200068094 /* CreateAccountViewController.swift in Sources */ = {isa = PBXBuildFile; fileRef = 1D4809CB2023AB0200068094 /* CreateAccountViewController.swift */; };
		1D4809D12024900A00068094 /* DbManager.swift in Sources */ = {isa = PBXBuildFile; fileRef = 1D4809D02024900A00068094 /* DbManager.swift */; };
		1D4809D32024924900068094 /* Manager.swift in Sources */ = {isa = PBXBuildFile; fileRef = 1D4809D22024924900068094 /* Manager.swift */; };
		1D4809DB2024B0A400068094 /* DataExtension.swift in Sources */ = {isa = PBXBuildFile; fileRef = 1D4809DA2024B0A400068094 /* DataExtension.swift */; };
		1D4B078D20233FF4002F745C /* AppDelegate.swift in Sources */ = {isa = PBXBuildFile; fileRef = 1D4B078C20233FF4002F745C /* AppDelegate.swift */; };
		1D4B078F20233FF4002F745C /* LoginViewController.swift in Sources */ = {isa = PBXBuildFile; fileRef = 1D4B078E20233FF4002F745C /* LoginViewController.swift */; };
		1D4B079220233FF4002F745C /* Main.storyboard in Resources */ = {isa = PBXBuildFile; fileRef = 1D4B079020233FF4002F745C /* Main.storyboard */; };
		1D4B079420233FF4002F745C /* Assets.xcassets in Resources */ = {isa = PBXBuildFile; fileRef = 1D4B079320233FF4002F745C /* Assets.xcassets */; };
		1D4B079720233FF4002F745C /* LaunchScreen.storyboard in Resources */ = {isa = PBXBuildFile; fileRef = 1D4B079520233FF4002F745C /* LaunchScreen.storyboard */; };
		1D4FDFE22084743400208108 /* AboutViewController.swift in Sources */ = {isa = PBXBuildFile; fileRef = 1D4FDFE12084743400208108 /* AboutViewController.swift */; };
		1D536241211B296A008EA981 /* PDFViewController.storyboard in Resources */ = {isa = PBXBuildFile; fileRef = 1D536240211B2969008EA981 /* PDFViewController.storyboard */; };
		1D5B510921020AEA003BC535 /* UserDefaultsExtension.swift in Sources */ = {isa = PBXBuildFile; fileRef = 1D5B510821020AEA003BC535 /* UserDefaultsExtension.swift */; };
		1D5F069E202DF50100FE2105 /* SelectYearTableViewCell.swift in Sources */ = {isa = PBXBuildFile; fileRef = 1D5F069D202DF50100FE2105 /* SelectYearTableViewCell.swift */; };
		1D6220F320235D1300D25828 /* Abuget.ttf in Resources */ = {isa = PBXBuildFile; fileRef = 1D6220F220235D1300D25828 /* Abuget.ttf */; };
		1D6D531E20360152004160C4 /* AddNewInvoiceViewController.swift in Sources */ = {isa = PBXBuildFile; fileRef = 1D6D531D20360152004160C4 /* AddNewInvoiceViewController.swift */; };
		1D95B60C2125B094008BBA52 /* LoginViewController.storyboard in Resources */ = {isa = PBXBuildFile; fileRef = 1D95B60A2125B094008BBA52 /* LoginViewController.storyboard */; };
		1D95B6122125B1E1008BBA52 /* InfoPlist.strings in Resources */ = {isa = PBXBuildFile; fileRef = 1D95B60E2125B1E1008BBA52 /* InfoPlist.strings */; };
		1D95B6132125B1E1008BBA52 /* Localizable.strings in Resources */ = {isa = PBXBuildFile; fileRef = 1D95B6102125B1E1008BBA52 /* Localizable.strings */; };
		1D95B6162125B208008BBA52 /* CreateAccountViewController.storyboard in Resources */ = {isa = PBXBuildFile; fileRef = 1D95B6142125B208008BBA52 /* CreateAccountViewController.storyboard */; };
		1D95B61A2125B377008BBA52 /* VerifyEmailCodeViewController.storyboard in Resources */ = {isa = PBXBuildFile; fileRef = 1D95B6182125B377008BBA52 /* VerifyEmailCodeViewController.storyboard */; };
		1D95B61E2125B44B008BBA52 /* SelectYearViewController.storyboard in Resources */ = {isa = PBXBuildFile; fileRef = 1D95B61C2125B44B008BBA52 /* SelectYearViewController.storyboard */; };
		1D95B6222125B4D9008BBA52 /* ManageCategoryTableViewController.storyboard in Resources */ = {isa = PBXBuildFile; fileRef = 1D95B6202125B4D9008BBA52 /* ManageCategoryTableViewController.storyboard */; };
		1D95B6262125B6FB008BBA52 /* GroupViewController.storyboard in Resources */ = {isa = PBXBuildFile; fileRef = 1D95B6242125B6FB008BBA52 /* GroupViewController.storyboard */; };
		1D95B62A2125CC50008BBA52 /* InvoiceCollectionViewController.storyboard in Resources */ = {isa = PBXBuildFile; fileRef = 1D95B6282125CC50008BBA52 /* InvoiceCollectionViewController.storyboard */; };
		1D95B62E2125CE8D008BBA52 /* AddNewInvoiceViewController.storyboard in Resources */ = {isa = PBXBuildFile; fileRef = 1D95B62C2125CE8D008BBA52 /* AddNewInvoiceViewController.storyboard */; };
		1D95B6322125D24B008BBA52 /* AboutViewController.storyboard in Resources */ = {isa = PBXBuildFile; fileRef = 1D95B6302125D24B008BBA52 /* AboutViewController.storyboard */; };
		1D95B6362125D26A008BBA52 /* SettingsViewController.storyboard in Resources */ = {isa = PBXBuildFile; fileRef = 1D95B6342125D269008BBA52 /* SettingsViewController.storyboard */; };
		1D95B63A2125D28F008BBA52 /* ResetPasswordViewController.storyboard in Resources */ = {isa = PBXBuildFile; fileRef = 1D95B6382125D28F008BBA52 /* ResetPasswordViewController.storyboard */; };
		1D98E6F220AD685700580488 /* VerifyPasswordViewController.swift in Sources */ = {isa = PBXBuildFile; fileRef = 1D98E6F120AD685700580488 /* VerifyPasswordViewController.swift */; };
		1DAC564E20DBFAAC006140AB /* UILabelExtension.swift in Sources */ = {isa = PBXBuildFile; fileRef = 1DAC564D20DBFAAC006140AB /* UILabelExtension.swift */; };
		1DAEAC262029F1A6001C144E /* GroupCollectionViewCell.swift in Sources */ = {isa = PBXBuildFile; fileRef = 1DAEAC252029F1A6001C144E /* GroupCollectionViewCell.swift */; };
		1DB07FBF2031D0CB00BDDDFB /* InvoiceCollectionViewController.swift in Sources */ = {isa = PBXBuildFile; fileRef = 1DB07FBE2031D0CB00BDDDFB /* InvoiceCollectionViewController.swift */; };
		1DB07FC12031D12F00BDDDFB /* InvoiceCollectionViewCell.swift in Sources */ = {isa = PBXBuildFile; fileRef = 1DB07FC02031D12F00BDDDFB /* InvoiceCollectionViewCell.swift */; };
		1DB07FCE20321D1A00BDDDFB /* HeaderInvoiceCollectionReusableView.swift in Sources */ = {isa = PBXBuildFile; fileRef = 1DB07FCD20321D1A00BDDDFB /* HeaderInvoiceCollectionReusableView.swift */; };
		1DD24029202C508B00917B08 /* GroupIdeasCollectionViewCell.swift in Sources */ = {isa = PBXBuildFile; fileRef = 1DD24028202C508B00917B08 /* GroupIdeasCollectionViewCell.swift */; };
		1DD2402B202C5D4300917B08 /* GroupIdea.swift in Sources */ = {isa = PBXBuildFile; fileRef = 1DD2402A202C5D4300917B08 /* GroupIdea.swift */; };
		1DD923572028B4F200387FF8 /* GroupViewController.swift in Sources */ = {isa = PBXBuildFile; fileRef = 1DD923562028B4F200387FF8 /* GroupViewController.swift */; };
		1DD9235A2028C4C800387FF8 /* HeaderGroupView.swift in Sources */ = {isa = PBXBuildFile; fileRef = 1DD923592028C4C800387FF8 /* HeaderGroupView.swift */; };
		1DF4B0C820C6D600004376D9 /* DateExtension.swift in Sources */ = {isa = PBXBuildFile; fileRef = 1DF4B0C720C6D600004376D9 /* DateExtension.swift */; };
		1DFD204520B9B276009546C2 /* UIViewControllerExtension.swift in Sources */ = {isa = PBXBuildFile; fileRef = 1DFD204420B9B276009546C2 /* UIViewControllerExtension.swift */; };
		1DFD204720B9BC8B009546C2 /* UIApplicationExtension.swift in Sources */ = {isa = PBXBuildFile; fileRef = 1DFD204620B9BC8B009546C2 /* UIApplicationExtension.swift */; };
		1DFD207920BDA3FF009546C2 /* YearsPicker.swift in Sources */ = {isa = PBXBuildFile; fileRef = 1DFD207820BDA3FF009546C2 /* YearsPicker.swift */; };
		1DFE14E4203ADF1500176EF3 /* MonthsPicker.swift in Sources */ = {isa = PBXBuildFile; fileRef = 1DFE14E3203ADF1500176EF3 /* MonthsPicker.swift */; };
		1DFE14E6203B097F00176EF3 /* GroupPicker.swift in Sources */ = {isa = PBXBuildFile; fileRef = 1DFE14E5203B097F00176EF3 /* GroupPicker.swift */; };
		1DFE14E8203B0E5D00176EF3 /* CategoryPicker.swift in Sources */ = {isa = PBXBuildFile; fileRef = 1DFE14E7203B0E5D00176EF3 /* CategoryPicker.swift */; };
		1DFE14EA203B238E00176EF3 /* SaveManager.swift in Sources */ = {isa = PBXBuildFile; fileRef = 1DFE14E9203B238E00176EF3 /* SaveManager.swift */; };
		1DFE14F2203DD92700176EF3 /* ManageCategoryTableViewController.swift in Sources */ = {isa = PBXBuildFile; fileRef = 1DFE14F1203DD92700176EF3 /* ManageCategoryTableViewController.swift */; };
		BE29F6C621B7F54D00BCCDDD /* SettingsLauncher.swift in Sources */ = {isa = PBXBuildFile; fileRef = BE29F6C521B7F54D00BCCDDD /* SettingsLauncher.swift */; };
		BE29F6CA21B7F7B600BCCDDD /* Setting.swift in Sources */ = {isa = PBXBuildFile; fileRef = BE29F6C921B7F7B600BCCDDD /* Setting.swift */; };
		BE29F6CC21B7FB3500BCCDDD /* SettingCollectionViewCell.swift in Sources */ = {isa = PBXBuildFile; fileRef = BE29F6CB21B7FB3500BCCDDD /* SettingCollectionViewCell.swift */; };
		BE29F6CE21B7FB7500BCCDDD /* BaseCollectionViewCell.swift in Sources */ = {isa = PBXBuildFile; fileRef = BE29F6CD21B7FB7500BCCDDD /* BaseCollectionViewCell.swift */; };
		BE29F6D021B7FB9500BCCDDD /* UIView.swift in Sources */ = {isa = PBXBuildFile; fileRef = BE29F6CF21B7FB9500BCCDDD /* UIView.swift */; };
		BE4C72222369C04900061DF9 /* CoreDataModel.xcdatamodeld in Sources */ = {isa = PBXBuildFile; fileRef = BE4C72202369C04900061DF9 /* CoreDataModel.xcdatamodeld */; };
		BE4ECDD921BFF236005B6FF0 /* SideYearSelector.swift in Sources */ = {isa = PBXBuildFile; fileRef = BE4ECDD821BFF236005B6FF0 /* SideYearSelector.swift */; };
		BE5FB8C023BF4D2D0036A3B3 /* YearCD.swift in Sources */ = {isa = PBXBuildFile; fileRef = BE5FB8BF23BF4D2D0036A3B3 /* YearCD.swift */; };
		BE5FB8C423BF56030036A3B3 /* ApplicationData.swift in Sources */ = {isa = PBXBuildFile; fileRef = BE5FB8C323BF56030036A3B3 /* ApplicationData.swift */; };
		BE5FB8C623BF8B140036A3B3 /* GroupCD.swift in Sources */ = {isa = PBXBuildFile; fileRef = BE5FB8C523BF8B140036A3B3 /* GroupCD.swift */; };
		BE5FB8C823C34B710036A3B3 /* MonthCD.swift in Sources */ = {isa = PBXBuildFile; fileRef = BE5FB8C723C34B710036A3B3 /* MonthCD.swift */; };
		BE7A57DD23C3577100D90462 /* InvoiceCD.swift in Sources */ = {isa = PBXBuildFile; fileRef = BE7A57DC23C3577100D90462 /* InvoiceCD.swift */; };
		BE7A57E023C37EB300D90462 /* Year.swift in Sources */ = {isa = PBXBuildFile; fileRef = BE7A57DF23C37EB300D90462 /* Year.swift */; };
		BE7A57E223C37EF400D90462 /* Group.swift in Sources */ = {isa = PBXBuildFile; fileRef = BE7A57E123C37EF400D90462 /* Group.swift */; };
		BE7A57E423C37FE800D90462 /* Month.swift in Sources */ = {isa = PBXBuildFile; fileRef = BE7A57E323C37FE800D90462 /* Month.swift */; };
		BE7A57E623C3804700D90462 /* Invoice.swift in Sources */ = {isa = PBXBuildFile; fileRef = BE7A57E523C3804700D90462 /* Invoice.swift */; };
		BE7A57E823C3809100D90462 /* Category.swift in Sources */ = {isa = PBXBuildFile; fileRef = BE7A57E723C3809100D90462 /* Category.swift */; };
		BE96438323FC662000AE771A /* GoogleService-Info.plist in Resources */ = {isa = PBXBuildFile; fileRef = BE96438223FC662000AE771A /* GoogleService-Info.plist */; };
		BEBC93D023F32A410015CB73 /* CollectionExtension.swift in Sources */ = {isa = PBXBuildFile; fileRef = BEBC93CF23F32A400015CB73 /* CollectionExtension.swift */; };
		BEC77B0B23267CC700199319 /* UIImageExtension.swift in Sources */ = {isa = PBXBuildFile; fileRef = BEC77B0A23267CC700199319 /* UIImageExtension.swift */; };
		FFDF43D1656995A2790C6A24 /* Pods_MyFactures.framework in Frameworks */ = {isa = PBXBuildFile; fileRef = 8C0522B5D728EB59F48D195D /* Pods_MyFactures.framework */; };
/* End PBXBuildFile section */

/* Begin PBXFileReference section */
		031C11935EEE4B68C1D4E9F6 /* Pods_MyFacturesUITests.framework */ = {isa = PBXFileReference; explicitFileType = wrapper.framework; includeInIndex = 0; path = Pods_MyFacturesUITests.framework; sourceTree = BUILT_PRODUCTS_DIR; };
		0F22AF52DDDB1BFD3A028C93 /* Pods-MyFactures.debug.xcconfig */ = {isa = PBXFileReference; includeInIndex = 1; lastKnownFileType = text.xcconfig; name = "Pods-MyFactures.debug.xcconfig"; path = "Pods/Target Support Files/Pods-MyFactures/Pods-MyFactures.debug.xcconfig"; sourceTree = "<group>"; };
		1A97801A3F720D8C4798144A /* Pods_MyFacturesUITests.framework */ = {isa = PBXFileReference; explicitFileType = wrapper.framework; includeInIndex = 0; path = Pods_MyFacturesUITests.framework; sourceTree = BUILT_PRODUCTS_DIR; };
		1D00D4CF2044169F00759E9F /* PDFViewController.swift */ = {isa = PBXFileReference; lastKnownFileType = sourcecode.swift; path = PDFViewController.swift; sourceTree = "<group>"; };
		1D06376420A9D8880013E145 /* TextField.swift */ = {isa = PBXFileReference; fileEncoding = 4; lastKnownFileType = sourcecode.swift; path = TextField.swift; sourceTree = "<group>"; };
		1D08F5162128250E00563B27 /* UserInfosViewController.swift */ = {isa = PBXFileReference; fileEncoding = 4; lastKnownFileType = sourcecode.swift; path = UserInfosViewController.swift; sourceTree = "<group>"; };
		1D08F51B2128284500563B27 /* Base */ = {isa = PBXFileReference; lastKnownFileType = file.storyboard; name = Base; path = Base.lproj/UserInfosViewController.storyboard; sourceTree = "<group>"; };
		1D08F51E2128284800563B27 /* fr */ = {isa = PBXFileReference; lastKnownFileType = text.plist.strings; name = fr; path = fr.lproj/UserInfosViewController.strings; sourceTree = "<group>"; };
		1D1052A720ADD233007C5CCF /* AlertExtension.swift */ = {isa = PBXFileReference; lastKnownFileType = sourcecode.swift; path = AlertExtension.swift; sourceTree = "<group>"; };
		1D1052AA20ADE23E007C5CCF /* Settings.swift */ = {isa = PBXFileReference; lastKnownFileType = sourcecode.swift; path = Settings.swift; sourceTree = "<group>"; };
		1D16E9FF20AD861F00A8A248 /* sendEmail_Bridge.h */ = {isa = PBXFileReference; lastKnownFileType = sourcecode.c.h; path = sendEmail_Bridge.h; sourceTree = "<group>"; };
		1D16EA0020AD8F0C00A8A248 /* StringExtension.swift */ = {isa = PBXFileReference; fileEncoding = 4; lastKnownFileType = sourcecode.swift; path = StringExtension.swift; sourceTree = "<group>"; };
		1D370E17206A81E1005583BB /* SettingsViewController.swift */ = {isa = PBXFileReference; lastKnownFileType = sourcecode.swift; path = SettingsViewController.swift; sourceTree = "<group>"; };
		1D370E19206A87ED005583BB /* ResetPasswordViewController.swift */ = {isa = PBXFileReference; lastKnownFileType = sourcecode.swift; path = ResetPasswordViewController.swift; sourceTree = "<group>"; };
		1D3FC04620EE281F00E9B5C5 /* UIButton.swift */ = {isa = PBXFileReference; fileEncoding = 4; lastKnownFileType = sourcecode.swift; path = UIButton.swift; sourceTree = "<group>"; };
		1D42C4A4202DB5BA0033BEF1 /* SelectYearViewController.swift */ = {isa = PBXFileReference; lastKnownFileType = sourcecode.swift; path = SelectYearViewController.swift; sourceTree = "<group>"; };
		1D4809CB2023AB0200068094 /* CreateAccountViewController.swift */ = {isa = PBXFileReference; lastKnownFileType = sourcecode.swift; path = CreateAccountViewController.swift; sourceTree = "<group>"; };
		1D4809D02024900A00068094 /* DbManager.swift */ = {isa = PBXFileReference; lastKnownFileType = sourcecode.swift; path = DbManager.swift; sourceTree = "<group>"; };
		1D4809D22024924900068094 /* Manager.swift */ = {isa = PBXFileReference; lastKnownFileType = sourcecode.swift; path = Manager.swift; sourceTree = "<group>"; };
		1D4809DA2024B0A400068094 /* DataExtension.swift */ = {isa = PBXFileReference; lastKnownFileType = sourcecode.swift; path = DataExtension.swift; sourceTree = "<group>"; };
		1D4B078920233FF4002F745C /* MyFactures.app */ = {isa = PBXFileReference; explicitFileType = wrapper.application; includeInIndex = 0; path = MyFactures.app; sourceTree = BUILT_PRODUCTS_DIR; };
		1D4B078C20233FF4002F745C /* AppDelegate.swift */ = {isa = PBXFileReference; lastKnownFileType = sourcecode.swift; path = AppDelegate.swift; sourceTree = "<group>"; };
		1D4B078E20233FF4002F745C /* LoginViewController.swift */ = {isa = PBXFileReference; lastKnownFileType = sourcecode.swift; path = LoginViewController.swift; sourceTree = "<group>"; };
		1D4B079120233FF4002F745C /* Base */ = {isa = PBXFileReference; lastKnownFileType = file.storyboard; name = Base; path = Base.lproj/Main.storyboard; sourceTree = "<group>"; };
		1D4B079320233FF4002F745C /* Assets.xcassets */ = {isa = PBXFileReference; lastKnownFileType = folder.assetcatalog; path = Assets.xcassets; sourceTree = "<group>"; };
		1D4B079620233FF4002F745C /* Base */ = {isa = PBXFileReference; lastKnownFileType = file.storyboard; name = Base; path = Base.lproj/LaunchScreen.storyboard; sourceTree = "<group>"; };
		1D4B079820233FF4002F745C /* Info.plist */ = {isa = PBXFileReference; lastKnownFileType = text.plist.xml; path = Info.plist; sourceTree = "<group>"; };
		1D4FDFC12074D72400208108 /* fr */ = {isa = PBXFileReference; lastKnownFileType = text.plist.strings; name = fr; path = fr.lproj/Main.strings; sourceTree = "<group>"; };
		1D4FDFC22074D72400208108 /* fr */ = {isa = PBXFileReference; lastKnownFileType = text.plist.strings; name = fr; path = fr.lproj/LaunchScreen.strings; sourceTree = "<group>"; };
		1D4FDFE12084743400208108 /* AboutViewController.swift */ = {isa = PBXFileReference; lastKnownFileType = sourcecode.swift; path = AboutViewController.swift; sourceTree = "<group>"; };
		1D536240211B2969008EA981 /* PDFViewController.storyboard */ = {isa = PBXFileReference; fileEncoding = 4; lastKnownFileType = file.storyboard; path = PDFViewController.storyboard; sourceTree = "<group>"; };
		1D5B510821020AEA003BC535 /* UserDefaultsExtension.swift */ = {isa = PBXFileReference; lastKnownFileType = sourcecode.swift; path = UserDefaultsExtension.swift; sourceTree = "<group>"; };
		1D5F069D202DF50100FE2105 /* SelectYearTableViewCell.swift */ = {isa = PBXFileReference; lastKnownFileType = sourcecode.swift; path = SelectYearTableViewCell.swift; sourceTree = "<group>"; };
		1D6220F220235D1300D25828 /* Abuget.ttf */ = {isa = PBXFileReference; lastKnownFileType = file; path = Abuget.ttf; sourceTree = "<group>"; };
		1D6D531D20360152004160C4 /* AddNewInvoiceViewController.swift */ = {isa = PBXFileReference; lastKnownFileType = sourcecode.swift; path = AddNewInvoiceViewController.swift; sourceTree = "<group>"; };
		1D95B60B2125B094008BBA52 /* Base */ = {isa = PBXFileReference; lastKnownFileType = file.storyboard; name = Base; path = Base.lproj/LoginViewController.storyboard; sourceTree = "<group>"; };
		1D95B60D2125B0B7008BBA52 /* fr */ = {isa = PBXFileReference; lastKnownFileType = text.plist.strings; name = fr; path = fr.lproj/LoginViewController.strings; sourceTree = "<group>"; };
		1D95B60F2125B1E1008BBA52 /* fr */ = {isa = PBXFileReference; lastKnownFileType = text.plist.strings; name = fr; path = fr.lproj/InfoPlist.strings; sourceTree = "<group>"; };
		1D95B6112125B1E1008BBA52 /* fr */ = {isa = PBXFileReference; lastKnownFileType = text.plist.strings; name = fr; path = fr.lproj/Localizable.strings; sourceTree = "<group>"; };
		1D95B6152125B208008BBA52 /* Base */ = {isa = PBXFileReference; lastKnownFileType = file.storyboard; name = Base; path = Base.lproj/CreateAccountViewController.storyboard; sourceTree = "<group>"; };
		1D95B6172125B213008BBA52 /* fr */ = {isa = PBXFileReference; lastKnownFileType = text.plist.strings; name = fr; path = fr.lproj/CreateAccountViewController.strings; sourceTree = "<group>"; };
		1D95B6192125B377008BBA52 /* Base */ = {isa = PBXFileReference; lastKnownFileType = file.storyboard; name = Base; path = Base.lproj/VerifyEmailCodeViewController.storyboard; sourceTree = "<group>"; };
		1D95B61B2125B37E008BBA52 /* fr */ = {isa = PBXFileReference; lastKnownFileType = text.plist.strings; name = fr; path = fr.lproj/VerifyEmailCodeViewController.strings; sourceTree = "<group>"; };
		1D95B61D2125B44B008BBA52 /* Base */ = {isa = PBXFileReference; lastKnownFileType = file.storyboard; name = Base; path = Base.lproj/SelectYearViewController.storyboard; sourceTree = "<group>"; };
		1D95B61F2125B455008BBA52 /* fr */ = {isa = PBXFileReference; lastKnownFileType = text.plist.strings; name = fr; path = fr.lproj/SelectYearViewController.strings; sourceTree = "<group>"; };
		1D95B6212125B4D9008BBA52 /* Base */ = {isa = PBXFileReference; lastKnownFileType = file.storyboard; name = Base; path = Base.lproj/ManageCategoryTableViewController.storyboard; sourceTree = "<group>"; };
		1D95B6232125B4E0008BBA52 /* fr */ = {isa = PBXFileReference; lastKnownFileType = text.plist.strings; name = fr; path = fr.lproj/ManageCategoryTableViewController.strings; sourceTree = "<group>"; };
		1D95B6252125B6FB008BBA52 /* Base */ = {isa = PBXFileReference; lastKnownFileType = file.storyboard; name = Base; path = Base.lproj/GroupViewController.storyboard; sourceTree = "<group>"; };
		1D95B6272125B6FF008BBA52 /* fr */ = {isa = PBXFileReference; lastKnownFileType = text.plist.strings; name = fr; path = fr.lproj/GroupViewController.strings; sourceTree = "<group>"; };
		1D95B6292125CC50008BBA52 /* Base */ = {isa = PBXFileReference; lastKnownFileType = file.storyboard; name = Base; path = Base.lproj/InvoiceCollectionViewController.storyboard; sourceTree = "<group>"; };
		1D95B62B2125CC5B008BBA52 /* fr */ = {isa = PBXFileReference; lastKnownFileType = text.plist.strings; name = fr; path = fr.lproj/InvoiceCollectionViewController.strings; sourceTree = "<group>"; };
		1D95B62D2125CE8D008BBA52 /* Base */ = {isa = PBXFileReference; lastKnownFileType = file.storyboard; name = Base; path = Base.lproj/AddNewInvoiceViewController.storyboard; sourceTree = "<group>"; };
		1D95B62F2125CE9C008BBA52 /* fr */ = {isa = PBXFileReference; lastKnownFileType = text.plist.strings; name = fr; path = fr.lproj/AddNewInvoiceViewController.strings; sourceTree = "<group>"; };
		1D95B6312125D24B008BBA52 /* Base */ = {isa = PBXFileReference; lastKnownFileType = file.storyboard; name = Base; path = Base.lproj/AboutViewController.storyboard; sourceTree = "<group>"; };
		1D95B6332125D253008BBA52 /* fr */ = {isa = PBXFileReference; lastKnownFileType = text.plist.strings; name = fr; path = fr.lproj/AboutViewController.strings; sourceTree = "<group>"; };
		1D95B6352125D269008BBA52 /* Base */ = {isa = PBXFileReference; lastKnownFileType = file.storyboard; name = Base; path = Base.lproj/SettingsViewController.storyboard; sourceTree = "<group>"; };
		1D95B6372125D26E008BBA52 /* fr */ = {isa = PBXFileReference; lastKnownFileType = text.plist.strings; name = fr; path = fr.lproj/SettingsViewController.strings; sourceTree = "<group>"; };
		1D95B6392125D28F008BBA52 /* Base */ = {isa = PBXFileReference; lastKnownFileType = file.storyboard; name = Base; path = Base.lproj/ResetPasswordViewController.storyboard; sourceTree = "<group>"; };
		1D95B63B2125D294008BBA52 /* fr */ = {isa = PBXFileReference; lastKnownFileType = text.plist.strings; name = fr; path = fr.lproj/ResetPasswordViewController.strings; sourceTree = "<group>"; };
		1D98E6F120AD685700580488 /* VerifyPasswordViewController.swift */ = {isa = PBXFileReference; lastKnownFileType = sourcecode.swift; path = VerifyPasswordViewController.swift; sourceTree = "<group>"; };
		1DAC564D20DBFAAC006140AB /* UILabelExtension.swift */ = {isa = PBXFileReference; lastKnownFileType = sourcecode.swift; path = UILabelExtension.swift; sourceTree = "<group>"; };
		1DAEAC252029F1A6001C144E /* GroupCollectionViewCell.swift */ = {isa = PBXFileReference; lastKnownFileType = sourcecode.swift; path = GroupCollectionViewCell.swift; sourceTree = "<group>"; };
		1DB07FBE2031D0CB00BDDDFB /* InvoiceCollectionViewController.swift */ = {isa = PBXFileReference; lastKnownFileType = sourcecode.swift; path = InvoiceCollectionViewController.swift; sourceTree = "<group>"; };
		1DB07FC02031D12F00BDDDFB /* InvoiceCollectionViewCell.swift */ = {isa = PBXFileReference; lastKnownFileType = sourcecode.swift; path = InvoiceCollectionViewCell.swift; sourceTree = "<group>"; };
		1DB07FCD20321D1A00BDDDFB /* HeaderInvoiceCollectionReusableView.swift */ = {isa = PBXFileReference; lastKnownFileType = sourcecode.swift; path = HeaderInvoiceCollectionReusableView.swift; sourceTree = "<group>"; };
		1DD24028202C508B00917B08 /* GroupIdeasCollectionViewCell.swift */ = {isa = PBXFileReference; lastKnownFileType = sourcecode.swift; path = GroupIdeasCollectionViewCell.swift; sourceTree = "<group>"; };
		1DD2402A202C5D4300917B08 /* GroupIdea.swift */ = {isa = PBXFileReference; lastKnownFileType = sourcecode.swift; path = GroupIdea.swift; sourceTree = "<group>"; };
		1DD923562028B4F200387FF8 /* GroupViewController.swift */ = {isa = PBXFileReference; lastKnownFileType = sourcecode.swift; path = GroupViewController.swift; sourceTree = "<group>"; };
		1DD923592028C4C800387FF8 /* HeaderGroupView.swift */ = {isa = PBXFileReference; lastKnownFileType = sourcecode.swift; path = HeaderGroupView.swift; sourceTree = "<group>"; };
		1DF4B0C720C6D600004376D9 /* DateExtension.swift */ = {isa = PBXFileReference; lastKnownFileType = sourcecode.swift; path = DateExtension.swift; sourceTree = "<group>"; };
		1DFD204420B9B276009546C2 /* UIViewControllerExtension.swift */ = {isa = PBXFileReference; lastKnownFileType = sourcecode.swift; path = UIViewControllerExtension.swift; sourceTree = "<group>"; };
		1DFD204620B9BC8B009546C2 /* UIApplicationExtension.swift */ = {isa = PBXFileReference; lastKnownFileType = sourcecode.swift; path = UIApplicationExtension.swift; sourceTree = "<group>"; };
		1DFD207820BDA3FF009546C2 /* YearsPicker.swift */ = {isa = PBXFileReference; lastKnownFileType = sourcecode.swift; path = YearsPicker.swift; sourceTree = "<group>"; };
		1DFE14E3203ADF1500176EF3 /* MonthsPicker.swift */ = {isa = PBXFileReference; lastKnownFileType = sourcecode.swift; path = MonthsPicker.swift; sourceTree = "<group>"; };
		1DFE14E5203B097F00176EF3 /* GroupPicker.swift */ = {isa = PBXFileReference; lastKnownFileType = sourcecode.swift; path = GroupPicker.swift; sourceTree = "<group>"; };
		1DFE14E7203B0E5D00176EF3 /* CategoryPicker.swift */ = {isa = PBXFileReference; lastKnownFileType = sourcecode.swift; path = CategoryPicker.swift; sourceTree = "<group>"; };
		1DFE14E9203B238E00176EF3 /* SaveManager.swift */ = {isa = PBXFileReference; lastKnownFileType = sourcecode.swift; path = SaveManager.swift; sourceTree = "<group>"; };
		1DFE14F1203DD92700176EF3 /* ManageCategoryTableViewController.swift */ = {isa = PBXFileReference; lastKnownFileType = sourcecode.swift; path = ManageCategoryTableViewController.swift; sourceTree = "<group>"; };
		268C4186133A6A4246E5035B /* Pods_MyFactures.framework */ = {isa = PBXFileReference; explicitFileType = wrapper.framework; includeInIndex = 0; path = Pods_MyFactures.framework; sourceTree = BUILT_PRODUCTS_DIR; };
		5B7E94F8DDE581F35155FBA8 /* Pods_MyFacturesTests.framework */ = {isa = PBXFileReference; explicitFileType = wrapper.framework; includeInIndex = 0; path = Pods_MyFacturesTests.framework; sourceTree = BUILT_PRODUCTS_DIR; };
		89936F80E410EF0264FED47B /* Pods_MyFacturesTests.framework */ = {isa = PBXFileReference; explicitFileType = wrapper.framework; includeInIndex = 0; path = Pods_MyFacturesTests.framework; sourceTree = BUILT_PRODUCTS_DIR; };
		8C0522B5D728EB59F48D195D /* Pods_MyFactures.framework */ = {isa = PBXFileReference; explicitFileType = wrapper.framework; includeInIndex = 0; path = Pods_MyFactures.framework; sourceTree = BUILT_PRODUCTS_DIR; };
		9B5D620116AA9C161F6D3C7C /* Pods-MyFactures.release.xcconfig */ = {isa = PBXFileReference; includeInIndex = 1; lastKnownFileType = text.xcconfig; name = "Pods-MyFactures.release.xcconfig"; path = "Pods/Target Support Files/Pods-MyFactures/Pods-MyFactures.release.xcconfig"; sourceTree = "<group>"; };
		BE29F6C521B7F54D00BCCDDD /* SettingsLauncher.swift */ = {isa = PBXFileReference; fileEncoding = 4; lastKnownFileType = sourcecode.swift; path = SettingsLauncher.swift; sourceTree = "<group>"; };
		BE29F6C921B7F7B600BCCDDD /* Setting.swift */ = {isa = PBXFileReference; lastKnownFileType = sourcecode.swift; path = Setting.swift; sourceTree = "<group>"; };
		BE29F6CB21B7FB3500BCCDDD /* SettingCollectionViewCell.swift */ = {isa = PBXFileReference; fileEncoding = 4; lastKnownFileType = sourcecode.swift; path = SettingCollectionViewCell.swift; sourceTree = "<group>"; };
		BE29F6CD21B7FB7500BCCDDD /* BaseCollectionViewCell.swift */ = {isa = PBXFileReference; fileEncoding = 4; lastKnownFileType = sourcecode.swift; path = BaseCollectionViewCell.swift; sourceTree = "<group>"; };
		BE29F6CF21B7FB9500BCCDDD /* UIView.swift */ = {isa = PBXFileReference; fileEncoding = 4; lastKnownFileType = sourcecode.swift; path = UIView.swift; sourceTree = "<group>"; };
		BE4C72212369C04900061DF9 /* CoreDataModel.xcdatamodel */ = {isa = PBXFileReference; lastKnownFileType = wrapper.xcdatamodel; path = CoreDataModel.xcdatamodel; sourceTree = "<group>"; };
		BE4ECDD821BFF236005B6FF0 /* SideYearSelector.swift */ = {isa = PBXFileReference; lastKnownFileType = sourcecode.swift; path = SideYearSelector.swift; sourceTree = "<group>"; };
		BE5FB8BF23BF4D2D0036A3B3 /* YearCD.swift */ = {isa = PBXFileReference; lastKnownFileType = sourcecode.swift; path = YearCD.swift; sourceTree = "<group>"; };
		BE5FB8C323BF56030036A3B3 /* ApplicationData.swift */ = {isa = PBXFileReference; lastKnownFileType = sourcecode.swift; path = ApplicationData.swift; sourceTree = "<group>"; };
		BE5FB8C523BF8B140036A3B3 /* GroupCD.swift */ = {isa = PBXFileReference; lastKnownFileType = sourcecode.swift; path = GroupCD.swift; sourceTree = "<group>"; };
		BE5FB8C723C34B710036A3B3 /* MonthCD.swift */ = {isa = PBXFileReference; lastKnownFileType = sourcecode.swift; path = MonthCD.swift; sourceTree = "<group>"; };
		BE7A57DC23C3577100D90462 /* InvoiceCD.swift */ = {isa = PBXFileReference; lastKnownFileType = sourcecode.swift; path = InvoiceCD.swift; sourceTree = "<group>"; };
		BE7A57DF23C37EB300D90462 /* Year.swift */ = {isa = PBXFileReference; lastKnownFileType = sourcecode.swift; path = Year.swift; sourceTree = "<group>"; };
		BE7A57E123C37EF400D90462 /* Group.swift */ = {isa = PBXFileReference; lastKnownFileType = sourcecode.swift; path = Group.swift; sourceTree = "<group>"; };
		BE7A57E323C37FE800D90462 /* Month.swift */ = {isa = PBXFileReference; lastKnownFileType = sourcecode.swift; path = Month.swift; sourceTree = "<group>"; };
		BE7A57E523C3804700D90462 /* Invoice.swift */ = {isa = PBXFileReference; lastKnownFileType = sourcecode.swift; path = Invoice.swift; sourceTree = "<group>"; };
		BE7A57E723C3809100D90462 /* Category.swift */ = {isa = PBXFileReference; lastKnownFileType = sourcecode.swift; path = Category.swift; sourceTree = "<group>"; };
		BE96438223FC662000AE771A /* GoogleService-Info.plist */ = {isa = PBXFileReference; fileEncoding = 4; lastKnownFileType = text.plist.xml; path = "GoogleService-Info.plist"; sourceTree = "<group>"; };
		BEBC93CF23F32A400015CB73 /* CollectionExtension.swift */ = {isa = PBXFileReference; lastKnownFileType = sourcecode.swift; path = CollectionExtension.swift; sourceTree = "<group>"; };
		BEC77B0A23267CC700199319 /* UIImageExtension.swift */ = {isa = PBXFileReference; lastKnownFileType = sourcecode.swift; path = UIImageExtension.swift; sourceTree = "<group>"; };
/* End PBXFileReference section */

/* Begin PBXFrameworksBuildPhase section */
		1D4B078620233FF4002F745C /* Frameworks */ = {
			isa = PBXFrameworksBuildPhase;
			buildActionMask = 2147483647;
			files = (
				FFDF43D1656995A2790C6A24 /* Pods_MyFactures.framework in Frameworks */,
			);
			runOnlyForDeploymentPostprocessing = 0;
		};
/* End PBXFrameworksBuildPhase section */

/* Begin PBXGroup section */
		1D07921420373FBA0097A354 /* pickersView */ = {
			isa = PBXGroup;
			children = (
				1DFD207820BDA3FF009546C2 /* YearsPicker.swift */,
				1DFE14E3203ADF1500176EF3 /* MonthsPicker.swift */,
				1DFE14E5203B097F00176EF3 /* GroupPicker.swift */,
				1DFE14E7203B0E5D00176EF3 /* CategoryPicker.swift */,
			);
			path = pickersView;
			sourceTree = "<group>";
		};
		1D08F5152128248F00563B27 /* UserInfosViewController */ = {
			isa = PBXGroup;
			children = (
				1D08F51C2128284500563B27 /* UserInfosViewController.storyboard */,
				1D08F5162128250E00563B27 /* UserInfosViewController.swift */,
			);
			path = UserInfosViewController;
			sourceTree = "<group>";
		};
		1D16E9FE20AD860300A8A248 /* MailCore2_Extensions */ = {
			isa = PBXGroup;
			children = (
				1D16E9FF20AD861F00A8A248 /* sendEmail_Bridge.h */,
			);
			path = MailCore2_Extensions;
			sourceTree = "<group>";
		};
		1D4809CD20248B4800068094 /* Models */ = {
			isa = PBXGroup;
			children = (
				BE7A57DE23C37E9E00D90462 /* Realm */,
				BE5FB8C323BF56030036A3B3 /* ApplicationData.swift */,
				BE5FB8BF23BF4D2D0036A3B3 /* YearCD.swift */,
				BE5FB8C523BF8B140036A3B3 /* GroupCD.swift */,
				1DD2402A202C5D4300917B08 /* GroupIdea.swift */,
				BE5FB8C723C34B710036A3B3 /* MonthCD.swift */,
				BE7A57DC23C3577100D90462 /* InvoiceCD.swift */,
				1D1052AA20ADE23E007C5CCF /* Settings.swift */,
				BE29F6C921B7F7B600BCCDDD /* Setting.swift */,
			);
			path = Models;
			sourceTree = "<group>";
		};
		1D4809D82024AA7F00068094 /* Managers */ = {
			isa = PBXGroup;
			children = (
				1D4809D02024900A00068094 /* DbManager.swift */,
				1D4809D22024924900068094 /* Manager.swift */,
				1DFE14E9203B238E00176EF3 /* SaveManager.swift */,
				BE29F6C521B7F54D00BCCDDD /* SettingsLauncher.swift */,
			);
			path = Managers;
			sourceTree = "<group>";
		};
		1D4809D92024B08900068094 /* Extensions */ = {
			isa = PBXGroup;
			children = (
				1D4809DA2024B0A400068094 /* DataExtension.swift */,
				1D06376420A9D8880013E145 /* TextField.swift */,
				1D16EA0020AD8F0C00A8A248 /* StringExtension.swift */,
				1D1052A720ADD233007C5CCF /* AlertExtension.swift */,
				1DFD204420B9B276009546C2 /* UIViewControllerExtension.swift */,
				1DFD204620B9BC8B009546C2 /* UIApplicationExtension.swift */,
				1DF4B0C720C6D600004376D9 /* DateExtension.swift */,
				1DAC564D20DBFAAC006140AB /* UILabelExtension.swift */,
				1D3FC04620EE281F00E9B5C5 /* UIButton.swift */,
				1D5B510821020AEA003BC535 /* UserDefaultsExtension.swift */,
				BE29F6CF21B7FB9500BCCDDD /* UIView.swift */,
				BEC77B0A23267CC700199319 /* UIImageExtension.swift */,
				BEBC93CF23F32A400015CB73 /* CollectionExtension.swift */,
			);
			path = Extensions;
			sourceTree = "<group>";
		};
		1D4B078020233FF4002F745C = {
			isa = PBXGroup;
			children = (
				BE96438223FC662000AE771A /* GoogleService-Info.plist */,
				1D4B078B20233FF4002F745C /* MyFactures */,
				1D4B078A20233FF4002F745C /* Products */,
				F969AC461B7DF10C2695440A /* Pods */,
				4038E0185330D3C1844EB1A9 /* Frameworks */,
			);
			sourceTree = "<group>";
		};
		1D4B078A20233FF4002F745C /* Products */ = {
			isa = PBXGroup;
			children = (
				1D4B078920233FF4002F745C /* MyFactures.app */,
			);
			name = Products;
			sourceTree = "<group>";
		};
		1D4B078B20233FF4002F745C /* MyFactures */ = {
			isa = PBXGroup;
			children = (
				1D4B078C20233FF4002F745C /* AppDelegate.swift */,
				BE4C721F2369C02C00061DF9 /* CoreData */,
				1D16E9FE20AD860300A8A248 /* MailCore2_Extensions */,
				1D4809D92024B08900068094 /* Extensions */,
				1D4809CD20248B4800068094 /* Models */,
				1D4809D82024AA7F00068094 /* Managers */,
				1D4B07BA20234026002F745C /* ViewControllers */,
				1D5F069C202DF4CF00FE2105 /* CustomTableViewCell */,
				1DD923582028C49900387FF8 /* CustomCollectionViewCell */,
				1D07921420373FBA0097A354 /* pickersView */,
				1DB07FCF2033550C00BDDDFB /* Storyboards */,
				1D4B079320233FF4002F745C /* Assets.xcassets */,
				1D4B079820233FF4002F745C /* Info.plist */,
				1D95B60E2125B1E1008BBA52 /* InfoPlist.strings */,
				1D95B6102125B1E1008BBA52 /* Localizable.strings */,
				1D6220F120235CBA00D25828 /* Ressources */,
			);
			path = MyFactures;
			sourceTree = "<group>";
		};
		1D4B07BA20234026002F745C /* ViewControllers */ = {
			isa = PBXGroup;
			children = (
				1D536227211B21E9008EA981 /* LoginViewController */,
				1D53622D211B2308008EA981 /* CreateAccountViewController */,
				1D53622A211B2298008EA981 /* VerifyEmailPasswordViewController */,
				1D536230211B2449008EA981 /* SelectYearViewController */,
				1D53623B211B28AA008EA981 /* ManagecategoryTableViewController */,
				1D536221211B2095008EA981 /* GroupViewController */,
				1D53623A211B2891008EA981 /* InvoiceCollectionViewController */,
				1D536239211B2871008EA981 /* AddNewInvoiceViewController */,
				1D53623C211B28C9008EA981 /* PDFViewConrtoller */,
				1D536238211B2858008EA981 /* AboutViewController */,
				1D536233211B24B8008EA981 /* SettingsViewController */,
				1D53623D211B28E8008EA981 /* ResetPasswordViewController */,
				1D08F5152128248F00563B27 /* UserInfosViewController */,
			);
			path = ViewControllers;
			sourceTree = "<group>";
		};
		1D536221211B2095008EA981 /* GroupViewController */ = {
			isa = PBXGroup;
			children = (
				1D95B6242125B6FB008BBA52 /* GroupViewController.storyboard */,
				1DD923562028B4F200387FF8 /* GroupViewController.swift */,
				BE4ECDD821BFF236005B6FF0 /* SideYearSelector.swift */,
			);
			path = GroupViewController;
			sourceTree = "<group>";
		};
		1D536227211B21E9008EA981 /* LoginViewController */ = {
			isa = PBXGroup;
			children = (
				1D95B60A2125B094008BBA52 /* LoginViewController.storyboard */,
				1D4B078E20233FF4002F745C /* LoginViewController.swift */,
			);
			path = LoginViewController;
			sourceTree = "<group>";
		};
		1D53622A211B2298008EA981 /* VerifyEmailPasswordViewController */ = {
			isa = PBXGroup;
			children = (
				1D95B6182125B377008BBA52 /* VerifyEmailCodeViewController.storyboard */,
				1D98E6F120AD685700580488 /* VerifyPasswordViewController.swift */,
			);
			path = VerifyEmailPasswordViewController;
			sourceTree = "<group>";
		};
		1D53622D211B2308008EA981 /* CreateAccountViewController */ = {
			isa = PBXGroup;
			children = (
				1D95B6142125B208008BBA52 /* CreateAccountViewController.storyboard */,
				1D4809CB2023AB0200068094 /* CreateAccountViewController.swift */,
			);
			path = CreateAccountViewController;
			sourceTree = "<group>";
		};
		1D536230211B2449008EA981 /* SelectYearViewController */ = {
			isa = PBXGroup;
			children = (
				1D95B61C2125B44B008BBA52 /* SelectYearViewController.storyboard */,
				1D42C4A4202DB5BA0033BEF1 /* SelectYearViewController.swift */,
			);
			path = SelectYearViewController;
			sourceTree = "<group>";
		};
		1D536233211B24B8008EA981 /* SettingsViewController */ = {
			isa = PBXGroup;
			children = (
				1D95B6342125D269008BBA52 /* SettingsViewController.storyboard */,
				1D370E17206A81E1005583BB /* SettingsViewController.swift */,
			);
			path = SettingsViewController;
			sourceTree = "<group>";
		};
		1D536238211B2858008EA981 /* AboutViewController */ = {
			isa = PBXGroup;
			children = (
				1D95B6302125D24B008BBA52 /* AboutViewController.storyboard */,
				1D4FDFE12084743400208108 /* AboutViewController.swift */,
			);
			path = AboutViewController;
			sourceTree = "<group>";
		};
		1D536239211B2871008EA981 /* AddNewInvoiceViewController */ = {
			isa = PBXGroup;
			children = (
				1D95B62C2125CE8D008BBA52 /* AddNewInvoiceViewController.storyboard */,
				1D6D531D20360152004160C4 /* AddNewInvoiceViewController.swift */,
			);
			path = AddNewInvoiceViewController;
			sourceTree = "<group>";
		};
		1D53623A211B2891008EA981 /* InvoiceCollectionViewController */ = {
			isa = PBXGroup;
			children = (
				1D95B6282125CC50008BBA52 /* InvoiceCollectionViewController.storyboard */,
				1DB07FBE2031D0CB00BDDDFB /* InvoiceCollectionViewController.swift */,
			);
			path = InvoiceCollectionViewController;
			sourceTree = "<group>";
		};
		1D53623B211B28AA008EA981 /* ManagecategoryTableViewController */ = {
			isa = PBXGroup;
			children = (
				1D95B6202125B4D9008BBA52 /* ManageCategoryTableViewController.storyboard */,
				1DFE14F1203DD92700176EF3 /* ManageCategoryTableViewController.swift */,
			);
			path = ManagecategoryTableViewController;
			sourceTree = "<group>";
		};
		1D53623C211B28C9008EA981 /* PDFViewConrtoller */ = {
			isa = PBXGroup;
			children = (
				1D536240211B2969008EA981 /* PDFViewController.storyboard */,
				1D00D4CF2044169F00759E9F /* PDFViewController.swift */,
			);
			path = PDFViewConrtoller;
			sourceTree = "<group>";
		};
		1D53623D211B28E8008EA981 /* ResetPasswordViewController */ = {
			isa = PBXGroup;
			children = (
				1D95B6382125D28F008BBA52 /* ResetPasswordViewController.storyboard */,
				1D370E19206A87ED005583BB /* ResetPasswordViewController.swift */,
			);
			path = ResetPasswordViewController;
			sourceTree = "<group>";
		};
		1D5F069C202DF4CF00FE2105 /* CustomTableViewCell */ = {
			isa = PBXGroup;
			children = (
				1D5F069D202DF50100FE2105 /* SelectYearTableViewCell.swift */,
			);
			path = CustomTableViewCell;
			sourceTree = "<group>";
		};
		1D6220F120235CBA00D25828 /* Ressources */ = {
			isa = PBXGroup;
			children = (
				1D6220F220235D1300D25828 /* Abuget.ttf */,
			);
			path = Ressources;
			sourceTree = "<group>";
		};
		1DB07FCF2033550C00BDDDFB /* Storyboards */ = {
			isa = PBXGroup;
			children = (
				1D4B079020233FF4002F745C /* Main.storyboard */,
				1D4B079520233FF4002F745C /* LaunchScreen.storyboard */,
			);
			path = Storyboards;
			sourceTree = "<group>";
		};
		1DD923582028C49900387FF8 /* CustomCollectionViewCell */ = {
			isa = PBXGroup;
			children = (
				BE29F6CD21B7FB7500BCCDDD /* BaseCollectionViewCell.swift */,
				1DD923592028C4C800387FF8 /* HeaderGroupView.swift */,
				1DAEAC252029F1A6001C144E /* GroupCollectionViewCell.swift */,
				1DD24028202C508B00917B08 /* GroupIdeasCollectionViewCell.swift */,
				1DB07FC02031D12F00BDDDFB /* InvoiceCollectionViewCell.swift */,
				1DB07FCD20321D1A00BDDDFB /* HeaderInvoiceCollectionReusableView.swift */,
				BE29F6CB21B7FB3500BCCDDD /* SettingCollectionViewCell.swift */,
			);
			path = CustomCollectionViewCell;
			sourceTree = "<group>";
		};
		4038E0185330D3C1844EB1A9 /* Frameworks */ = {
			isa = PBXGroup;
			children = (
				8C0522B5D728EB59F48D195D /* Pods_MyFactures.framework */,
				89936F80E410EF0264FED47B /* Pods_MyFacturesTests.framework */,
				1A97801A3F720D8C4798144A /* Pods_MyFacturesUITests.framework */,
				268C4186133A6A4246E5035B /* Pods_MyFactures.framework */,
				5B7E94F8DDE581F35155FBA8 /* Pods_MyFacturesTests.framework */,
				031C11935EEE4B68C1D4E9F6 /* Pods_MyFacturesUITests.framework */,
			);
			name = Frameworks;
			sourceTree = "<group>";
		};
		BE4C721F2369C02C00061DF9 /* CoreData */ = {
			isa = PBXGroup;
			children = (
				BE4C72202369C04900061DF9 /* CoreDataModel.xcdatamodeld */,
			);
			path = CoreData;
			sourceTree = "<group>";
		};
		BE7A57DE23C37E9E00D90462 /* Realm */ = {
			isa = PBXGroup;
			children = (
				BE7A57DF23C37EB300D90462 /* Year.swift */,
				BE7A57E123C37EF400D90462 /* Group.swift */,
				BE7A57E323C37FE800D90462 /* Month.swift */,
				BE7A57E523C3804700D90462 /* Invoice.swift */,
				BE7A57E723C3809100D90462 /* Category.swift */,
			);
			path = Realm;
			sourceTree = "<group>";
		};
		F969AC461B7DF10C2695440A /* Pods */ = {
			isa = PBXGroup;
			children = (
				0F22AF52DDDB1BFD3A028C93 /* Pods-MyFactures.debug.xcconfig */,
				9B5D620116AA9C161F6D3C7C /* Pods-MyFactures.release.xcconfig */,
			);
			name = Pods;
			sourceTree = "<group>";
		};
/* End PBXGroup section */

/* Begin PBXNativeTarget section */
		1D4B078820233FF4002F745C /* MyFactures */ = {
			isa = PBXNativeTarget;
			buildConfigurationList = 1D4B07B120233FF4002F745C /* Build configuration list for PBXNativeTarget "MyFactures" */;
			buildPhases = (
				BAEBD57DA9AB2F06D2A968BD /* [CP] Check Pods Manifest.lock */,
				1D4B078520233FF4002F745C /* Sources */,
				1D4B078620233FF4002F745C /* Frameworks */,
				1D4B078720233FF4002F745C /* Resources */,
				E6FED2390AD44954F5413791 /* [CP] Embed Pods Frameworks */,
				1D65B47D2085DE3D00080C2A /* ShellScript */,
			);
			buildRules = (
			);
			dependencies = (
			);
			name = MyFactures;
			productName = MyFactures;
			productReference = 1D4B078920233FF4002F745C /* MyFactures.app */;
			productType = "com.apple.product-type.application";
		};
/* End PBXNativeTarget section */

/* Begin PBXProject section */
		1D4B078120233FF4002F745C /* Project object */ = {
			isa = PBXProject;
			attributes = {
				LastSwiftUpdateCheck = 0920;
				LastUpgradeCheck = 0940;
				ORGANIZATIONNAME = "Sébastien Constant";
				TargetAttributes = {
					1D4B078820233FF4002F745C = {
						CreatedOnToolsVersion = 9.2;
						LastSwiftMigration = 1100;
						ProvisioningStyle = Automatic;
					};
				};
			};
			buildConfigurationList = 1D4B078420233FF4002F745C /* Build configuration list for PBXProject "MyFactures" */;
			compatibilityVersion = "Xcode 8.0";
			developmentRegion = en;
			hasScannedForEncodings = 0;
			knownRegions = (
				en,
				Base,
				fr,
			);
			mainGroup = 1D4B078020233FF4002F745C;
			productRefGroup = 1D4B078A20233FF4002F745C /* Products */;
			projectDirPath = "";
			projectRoot = "";
			targets = (
				1D4B078820233FF4002F745C /* MyFactures */,
			);
		};
/* End PBXProject section */

/* Begin PBXResourcesBuildPhase section */
		1D4B078720233FF4002F745C /* Resources */ = {
			isa = PBXResourcesBuildPhase;
			buildActionMask = 2147483647;
			files = (
				1D95B62E2125CE8D008BBA52 /* AddNewInvoiceViewController.storyboard in Resources */,
				1D4B079720233FF4002F745C /* LaunchScreen.storyboard in Resources */,
				1D4B079420233FF4002F745C /* Assets.xcassets in Resources */,
				1D95B60C2125B094008BBA52 /* LoginViewController.storyboard in Resources */,
				1D95B6122125B1E1008BBA52 /* InfoPlist.strings in Resources */,
				1D536241211B296A008EA981 /* PDFViewController.storyboard in Resources */,
				1D08F51A2128284500563B27 /* UserInfosViewController.storyboard in Resources */,
				1D95B6162125B208008BBA52 /* CreateAccountViewController.storyboard in Resources */,
				1D95B61A2125B377008BBA52 /* VerifyEmailCodeViewController.storyboard in Resources */,
				1D95B6132125B1E1008BBA52 /* Localizable.strings in Resources */,
				1D6220F320235D1300D25828 /* Abuget.ttf in Resources */,
				1D95B61E2125B44B008BBA52 /* SelectYearViewController.storyboard in Resources */,
				1D95B6262125B6FB008BBA52 /* GroupViewController.storyboard in Resources */,
				1D95B63A2125D28F008BBA52 /* ResetPasswordViewController.storyboard in Resources */,
				1D95B62A2125CC50008BBA52 /* InvoiceCollectionViewController.storyboard in Resources */,
				1D95B6322125D24B008BBA52 /* AboutViewController.storyboard in Resources */,
				1D4B079220233FF4002F745C /* Main.storyboard in Resources */,
				BE96438323FC662000AE771A /* GoogleService-Info.plist in Resources */,
				1D95B6362125D26A008BBA52 /* SettingsViewController.storyboard in Resources */,
				1D95B6222125B4D9008BBA52 /* ManageCategoryTableViewController.storyboard in Resources */,
			);
			runOnlyForDeploymentPostprocessing = 0;
		};
/* End PBXResourcesBuildPhase section */

/* Begin PBXShellScriptBuildPhase section */
		1D65B47D2085DE3D00080C2A /* ShellScript */ = {
			isa = PBXShellScriptBuildPhase;
			buildActionMask = 2147483647;
			files = (
			);
			inputPaths = (
			);
			outputPaths = (
			);
			runOnlyForDeploymentPostprocessing = 0;
			shellPath = /bin/sh;
			shellScript = "\"${PODS_ROOT}/Fabric/run\" cd36415c6aedb89925857123a7d30d17be8d13e0 4512f55a185be3d3052cc35f62a0f20ab31d18babf2271b0e3dab2700d9f70e8\n\"${PODS_ROOT}/Fabric/upload-symbols\" -a cd36415c6aedb89925857123a7d30d17be8d13e0 -p ios \"${DWARF_DSYM_FOLDER_PATH}/${DWARF_DSYM_FILE_NAME}\"\n";
		};
		BAEBD57DA9AB2F06D2A968BD /* [CP] Check Pods Manifest.lock */ = {
			isa = PBXShellScriptBuildPhase;
			buildActionMask = 2147483647;
			files = (
			);
			inputPaths = (
				"${PODS_PODFILE_DIR_PATH}/Podfile.lock",
				"${PODS_ROOT}/Manifest.lock",
			);
			name = "[CP] Check Pods Manifest.lock";
			outputPaths = (
				"$(DERIVED_FILE_DIR)/Pods-MyFactures-checkManifestLockResult.txt",
			);
			runOnlyForDeploymentPostprocessing = 0;
			shellPath = /bin/sh;
			shellScript = "diff \"${PODS_PODFILE_DIR_PATH}/Podfile.lock\" \"${PODS_ROOT}/Manifest.lock\" > /dev/null\nif [ $? != 0 ] ; then\n    # print error to STDERR\n    echo \"error: The sandbox is not in sync with the Podfile.lock. Run 'pod install' or update your CocoaPods installation.\" >&2\n    exit 1\nfi\n# This output is used by Xcode 'outputs' to avoid re-running this script phase.\necho \"SUCCESS\" > \"${SCRIPT_OUTPUT_FILE_0}\"\n";
			showEnvVarsInLog = 0;
		};
		E6FED2390AD44954F5413791 /* [CP] Embed Pods Frameworks */ = {
			isa = PBXShellScriptBuildPhase;
			buildActionMask = 2147483647;
			files = (
			);
			inputPaths = (
				"${PODS_ROOT}/Target Support Files/Pods-MyFactures/Pods-MyFactures-frameworks.sh",
				"${BUILT_PRODUCTS_DIR}/Buglife/Buglife.framework",
				"${BUILT_PRODUCTS_DIR}/DZNEmptyDataSet/DZNEmptyDataSet.framework",
				"${BUILT_PRODUCTS_DIR}/GoogleUtilities/GoogleUtilities.framework",
				"${BUILT_PRODUCTS_DIR}/IQKeyboardManagerSwift/IQKeyboardManagerSwift.framework",
				"${BUILT_PRODUCTS_DIR}/KeychainAccess/KeychainAccess.framework",
				"${BUILT_PRODUCTS_DIR}/PromisesObjC/FBLPromises.framework",
				"${BUILT_PRODUCTS_DIR}/Realm/Realm.framework",
				"${BUILT_PRODUCTS_DIR}/RealmSwift/RealmSwift.framework",
				"${BUILT_PRODUCTS_DIR}/nanopb/nanopb.framework",
			);
			name = "[CP] Embed Pods Frameworks";
			outputPaths = (
				"${TARGET_BUILD_DIR}/${FRAMEWORKS_FOLDER_PATH}/Buglife.framework",
				"${TARGET_BUILD_DIR}/${FRAMEWORKS_FOLDER_PATH}/DZNEmptyDataSet.framework",
				"${TARGET_BUILD_DIR}/${FRAMEWORKS_FOLDER_PATH}/GoogleUtilities.framework",
				"${TARGET_BUILD_DIR}/${FRAMEWORKS_FOLDER_PATH}/IQKeyboardManagerSwift.framework",
				"${TARGET_BUILD_DIR}/${FRAMEWORKS_FOLDER_PATH}/KeychainAccess.framework",
				"${TARGET_BUILD_DIR}/${FRAMEWORKS_FOLDER_PATH}/FBLPromises.framework",
				"${TARGET_BUILD_DIR}/${FRAMEWORKS_FOLDER_PATH}/Realm.framework",
				"${TARGET_BUILD_DIR}/${FRAMEWORKS_FOLDER_PATH}/RealmSwift.framework",
				"${TARGET_BUILD_DIR}/${FRAMEWORKS_FOLDER_PATH}/nanopb.framework",
			);
			runOnlyForDeploymentPostprocessing = 0;
			shellPath = /bin/sh;
			shellScript = "\"${PODS_ROOT}/Target Support Files/Pods-MyFactures/Pods-MyFactures-frameworks.sh\"\n";
			showEnvVarsInLog = 0;
		};
/* End PBXShellScriptBuildPhase section */

/* Begin PBXSourcesBuildPhase section */
		1D4B078520233FF4002F745C /* Sources */ = {
			isa = PBXSourcesBuildPhase;
			buildActionMask = 2147483647;
			files = (
				1DAEAC262029F1A6001C144E /* GroupCollectionViewCell.swift in Sources */,
				BE29F6C621B7F54D00BCCDDD /* SettingsLauncher.swift in Sources */,
				1DFE14E4203ADF1500176EF3 /* MonthsPicker.swift in Sources */,
				BEBC93D023F32A410015CB73 /* CollectionExtension.swift in Sources */,
				BE7A57E223C37EF400D90462 /* Group.swift in Sources */,
				BE5FB8C823C34B710036A3B3 /* MonthCD.swift in Sources */,
				BE7A57E423C37FE800D90462 /* Month.swift in Sources */,
				BE5FB8C023BF4D2D0036A3B3 /* YearCD.swift in Sources */,
				1DFD204520B9B276009546C2 /* UIViewControllerExtension.swift in Sources */,
				BE4ECDD921BFF236005B6FF0 /* SideYearSelector.swift in Sources */,
				1DAC564E20DBFAAC006140AB /* UILabelExtension.swift in Sources */,
				1DB07FC12031D12F00BDDDFB /* InvoiceCollectionViewCell.swift in Sources */,
				1DFE14EA203B238E00176EF3 /* SaveManager.swift in Sources */,
				BE5FB8C623BF8B140036A3B3 /* GroupCD.swift in Sources */,
				1D42C4A5202DB5BA0033BEF1 /* SelectYearViewController.swift in Sources */,
				1D370E1A206A87ED005583BB /* ResetPasswordViewController.swift in Sources */,
				1DB07FCE20321D1A00BDDDFB /* HeaderInvoiceCollectionReusableView.swift in Sources */,
				1D5B510921020AEA003BC535 /* UserDefaultsExtension.swift in Sources */,
				1DFD204720B9BC8B009546C2 /* UIApplicationExtension.swift in Sources */,
				1D16EA0120AD8F0C00A8A248 /* StringExtension.swift in Sources */,
				1D00D4D02044169F00759E9F /* PDFViewController.swift in Sources */,
				1DD923572028B4F200387FF8 /* GroupViewController.swift in Sources */,
				1D1052AB20ADE23E007C5CCF /* Settings.swift in Sources */,
				1D98E6F220AD685700580488 /* VerifyPasswordViewController.swift in Sources */,
				1DD2402B202C5D4300917B08 /* GroupIdea.swift in Sources */,
				1DFE14F2203DD92700176EF3 /* ManageCategoryTableViewController.swift in Sources */,
				BE29F6D021B7FB9500BCCDDD /* UIView.swift in Sources */,
				1DF4B0C820C6D600004376D9 /* DateExtension.swift in Sources */,
				1D06376520A9D8880013E145 /* TextField.swift in Sources */,
				BE29F6CE21B7FB7500BCCDDD /* BaseCollectionViewCell.swift in Sources */,
				1D4809D32024924900068094 /* Manager.swift in Sources */,
				BE29F6CA21B7F7B600BCCDDD /* Setting.swift in Sources */,
				BE7A57E023C37EB300D90462 /* Year.swift in Sources */,
				1D1052A820ADD233007C5CCF /* AlertExtension.swift in Sources */,
				1DD9235A2028C4C800387FF8 /* HeaderGroupView.swift in Sources */,
				1D4FDFE22084743400208108 /* AboutViewController.swift in Sources */,
				BE5FB8C423BF56030036A3B3 /* ApplicationData.swift in Sources */,
				1D5F069E202DF50100FE2105 /* SelectYearTableViewCell.swift in Sources */,
				1D4809D12024900A00068094 /* DbManager.swift in Sources */,
				1D4809CC2023AB0200068094 /* CreateAccountViewController.swift in Sources */,
				BE29F6CC21B7FB3500BCCDDD /* SettingCollectionViewCell.swift in Sources */,
				BEC77B0B23267CC700199319 /* UIImageExtension.swift in Sources */,
				1D4809DB2024B0A400068094 /* DataExtension.swift in Sources */,
				1DFE14E8203B0E5D00176EF3 /* CategoryPicker.swift in Sources */,
				BE7A57E623C3804700D90462 /* Invoice.swift in Sources */,
				1D4B078F20233FF4002F745C /* LoginViewController.swift in Sources */,
				BE4C72222369C04900061DF9 /* CoreDataModel.xcdatamodeld in Sources */,
				1D08F5172128250E00563B27 /* UserInfosViewController.swift in Sources */,
				1DB07FBF2031D0CB00BDDDFB /* InvoiceCollectionViewController.swift in Sources */,
				1D370E18206A81E1005583BB /* SettingsViewController.swift in Sources */,
				1DD24029202C508B00917B08 /* GroupIdeasCollectionViewCell.swift in Sources */,
				1D6D531E20360152004160C4 /* AddNewInvoiceViewController.swift in Sources */,
				BE7A57DD23C3577100D90462 /* InvoiceCD.swift in Sources */,
				1D4B078D20233FF4002F745C /* AppDelegate.swift in Sources */,
				BE7A57E823C3809100D90462 /* Category.swift in Sources */,
				1D3FC04720EE281F00E9B5C5 /* UIButton.swift in Sources */,
				1DFD207920BDA3FF009546C2 /* YearsPicker.swift in Sources */,
				1DFE14E6203B097F00176EF3 /* GroupPicker.swift in Sources */,
			);
			runOnlyForDeploymentPostprocessing = 0;
		};
/* End PBXSourcesBuildPhase section */

/* Begin PBXVariantGroup section */
		1D08F51C2128284500563B27 /* UserInfosViewController.storyboard */ = {
			isa = PBXVariantGroup;
			children = (
				1D08F51B2128284500563B27 /* Base */,
				1D08F51E2128284800563B27 /* fr */,
			);
			name = UserInfosViewController.storyboard;
			sourceTree = "<group>";
		};
		1D4B079020233FF4002F745C /* Main.storyboard */ = {
			isa = PBXVariantGroup;
			children = (
				1D4B079120233FF4002F745C /* Base */,
				1D4FDFC12074D72400208108 /* fr */,
			);
			name = Main.storyboard;
			sourceTree = "<group>";
		};
		1D4B079520233FF4002F745C /* LaunchScreen.storyboard */ = {
			isa = PBXVariantGroup;
			children = (
				1D4B079620233FF4002F745C /* Base */,
				1D4FDFC22074D72400208108 /* fr */,
			);
			name = LaunchScreen.storyboard;
			sourceTree = "<group>";
		};
		1D95B60A2125B094008BBA52 /* LoginViewController.storyboard */ = {
			isa = PBXVariantGroup;
			children = (
				1D95B60B2125B094008BBA52 /* Base */,
				1D95B60D2125B0B7008BBA52 /* fr */,
			);
			name = LoginViewController.storyboard;
			sourceTree = "<group>";
		};
		1D95B60E2125B1E1008BBA52 /* InfoPlist.strings */ = {
			isa = PBXVariantGroup;
			children = (
				1D95B60F2125B1E1008BBA52 /* fr */,
			);
			name = InfoPlist.strings;
			sourceTree = "<group>";
		};
		1D95B6102125B1E1008BBA52 /* Localizable.strings */ = {
			isa = PBXVariantGroup;
			children = (
				1D95B6112125B1E1008BBA52 /* fr */,
			);
			name = Localizable.strings;
			sourceTree = "<group>";
		};
		1D95B6142125B208008BBA52 /* CreateAccountViewController.storyboard */ = {
			isa = PBXVariantGroup;
			children = (
				1D95B6152125B208008BBA52 /* Base */,
				1D95B6172125B213008BBA52 /* fr */,
			);
			name = CreateAccountViewController.storyboard;
			sourceTree = "<group>";
		};
		1D95B6182125B377008BBA52 /* VerifyEmailCodeViewController.storyboard */ = {
			isa = PBXVariantGroup;
			children = (
				1D95B6192125B377008BBA52 /* Base */,
				1D95B61B2125B37E008BBA52 /* fr */,
			);
			name = VerifyEmailCodeViewController.storyboard;
			sourceTree = "<group>";
		};
		1D95B61C2125B44B008BBA52 /* SelectYearViewController.storyboard */ = {
			isa = PBXVariantGroup;
			children = (
				1D95B61D2125B44B008BBA52 /* Base */,
				1D95B61F2125B455008BBA52 /* fr */,
			);
			name = SelectYearViewController.storyboard;
			sourceTree = "<group>";
		};
		1D95B6202125B4D9008BBA52 /* ManageCategoryTableViewController.storyboard */ = {
			isa = PBXVariantGroup;
			children = (
				1D95B6212125B4D9008BBA52 /* Base */,
				1D95B6232125B4E0008BBA52 /* fr */,
			);
			name = ManageCategoryTableViewController.storyboard;
			sourceTree = "<group>";
		};
		1D95B6242125B6FB008BBA52 /* GroupViewController.storyboard */ = {
			isa = PBXVariantGroup;
			children = (
				1D95B6252125B6FB008BBA52 /* Base */,
				1D95B6272125B6FF008BBA52 /* fr */,
			);
			name = GroupViewController.storyboard;
			sourceTree = "<group>";
		};
		1D95B6282125CC50008BBA52 /* InvoiceCollectionViewController.storyboard */ = {
			isa = PBXVariantGroup;
			children = (
				1D95B6292125CC50008BBA52 /* Base */,
				1D95B62B2125CC5B008BBA52 /* fr */,
			);
			name = InvoiceCollectionViewController.storyboard;
			sourceTree = "<group>";
		};
		1D95B62C2125CE8D008BBA52 /* AddNewInvoiceViewController.storyboard */ = {
			isa = PBXVariantGroup;
			children = (
				1D95B62D2125CE8D008BBA52 /* Base */,
				1D95B62F2125CE9C008BBA52 /* fr */,
			);
			name = AddNewInvoiceViewController.storyboard;
			sourceTree = "<group>";
		};
		1D95B6302125D24B008BBA52 /* AboutViewController.storyboard */ = {
			isa = PBXVariantGroup;
			children = (
				1D95B6312125D24B008BBA52 /* Base */,
				1D95B6332125D253008BBA52 /* fr */,
			);
			name = AboutViewController.storyboard;
			sourceTree = "<group>";
		};
		1D95B6342125D269008BBA52 /* SettingsViewController.storyboard */ = {
			isa = PBXVariantGroup;
			children = (
				1D95B6352125D269008BBA52 /* Base */,
				1D95B6372125D26E008BBA52 /* fr */,
			);
			name = SettingsViewController.storyboard;
			sourceTree = "<group>";
		};
		1D95B6382125D28F008BBA52 /* ResetPasswordViewController.storyboard */ = {
			isa = PBXVariantGroup;
			children = (
				1D95B6392125D28F008BBA52 /* Base */,
				1D95B63B2125D294008BBA52 /* fr */,
			);
			name = ResetPasswordViewController.storyboard;
			sourceTree = "<group>";
		};
/* End PBXVariantGroup section */

/* Begin XCBuildConfiguration section */
		1D4B07AF20233FF4002F745C /* Debug */ = {
			isa = XCBuildConfiguration;
			buildSettings = {
				ALWAYS_SEARCH_USER_PATHS = NO;
				CLANG_ANALYZER_LOCALIZABILITY_NONLOCALIZED = YES;
				CLANG_ANALYZER_NONNULL = YES;
				CLANG_ANALYZER_NUMBER_OBJECT_CONVERSION = YES_AGGRESSIVE;
				CLANG_CXX_LANGUAGE_STANDARD = "gnu++14";
				CLANG_CXX_LIBRARY = "libc++";
				CLANG_ENABLE_MODULES = YES;
				CLANG_ENABLE_OBJC_ARC = YES;
				CLANG_WARN_BLOCK_CAPTURE_AUTORELEASING = YES;
				CLANG_WARN_BOOL_CONVERSION = YES;
				CLANG_WARN_COMMA = YES;
				CLANG_WARN_CONSTANT_CONVERSION = YES;
				CLANG_WARN_DEPRECATED_OBJC_IMPLEMENTATIONS = YES;
				CLANG_WARN_DIRECT_OBJC_ISA_USAGE = YES_ERROR;
				CLANG_WARN_DOCUMENTATION_COMMENTS = YES;
				CLANG_WARN_EMPTY_BODY = YES;
				CLANG_WARN_ENUM_CONVERSION = YES;
				CLANG_WARN_INFINITE_RECURSION = YES;
				CLANG_WARN_INT_CONVERSION = YES;
				CLANG_WARN_NON_LITERAL_NULL_CONVERSION = YES;
				CLANG_WARN_OBJC_IMPLICIT_RETAIN_SELF = YES;
				CLANG_WARN_OBJC_LITERAL_CONVERSION = YES;
				CLANG_WARN_OBJC_ROOT_CLASS = YES_ERROR;
				CLANG_WARN_RANGE_LOOP_ANALYSIS = YES;
				CLANG_WARN_STRICT_PROTOTYPES = YES;
				CLANG_WARN_SUSPICIOUS_MOVE = YES;
				CLANG_WARN_UNGUARDED_AVAILABILITY = YES_AGGRESSIVE;
				CLANG_WARN_UNREACHABLE_CODE = YES;
				CLANG_WARN__DUPLICATE_METHOD_MATCH = YES;
				CODE_SIGN_IDENTITY = "iPhone Developer";
				COPY_PHASE_STRIP = NO;
				DEBUG_INFORMATION_FORMAT = "dwarf-with-dsym";
				ENABLE_STRICT_OBJC_MSGSEND = YES;
				ENABLE_TESTABILITY = YES;
				GCC_C_LANGUAGE_STANDARD = gnu11;
				GCC_DYNAMIC_NO_PIC = NO;
				GCC_NO_COMMON_BLOCKS = YES;
				GCC_OPTIMIZATION_LEVEL = 0;
				GCC_PREPROCESSOR_DEFINITIONS = (
					"DEBUG=1",
					"$(inherited)",
				);
				GCC_WARN_64_TO_32_BIT_CONVERSION = YES;
				GCC_WARN_ABOUT_RETURN_TYPE = YES_ERROR;
				GCC_WARN_UNDECLARED_SELECTOR = YES;
				GCC_WARN_UNINITIALIZED_AUTOS = YES_AGGRESSIVE;
				GCC_WARN_UNUSED_FUNCTION = YES;
				GCC_WARN_UNUSED_VARIABLE = YES;
				IPHONEOS_DEPLOYMENT_TARGET = 12.0;
				MTL_ENABLE_DEBUG_INFO = YES;
				ONLY_ACTIVE_ARCH = YES;
				SDKROOT = iphoneos;
				SWIFT_ACTIVE_COMPILATION_CONDITIONS = DEBUG;
				SWIFT_OPTIMIZATION_LEVEL = "-Onone";
			};
			name = Debug;
		};
		1D4B07B020233FF4002F745C /* Release */ = {
			isa = XCBuildConfiguration;
			buildSettings = {
				ALWAYS_SEARCH_USER_PATHS = NO;
				CLANG_ANALYZER_LOCALIZABILITY_NONLOCALIZED = YES;
				CLANG_ANALYZER_NONNULL = YES;
				CLANG_ANALYZER_NUMBER_OBJECT_CONVERSION = YES_AGGRESSIVE;
				CLANG_CXX_LANGUAGE_STANDARD = "gnu++14";
				CLANG_CXX_LIBRARY = "libc++";
				CLANG_ENABLE_MODULES = YES;
				CLANG_ENABLE_OBJC_ARC = YES;
				CLANG_WARN_BLOCK_CAPTURE_AUTORELEASING = YES;
				CLANG_WARN_BOOL_CONVERSION = YES;
				CLANG_WARN_COMMA = YES;
				CLANG_WARN_CONSTANT_CONVERSION = YES;
				CLANG_WARN_DEPRECATED_OBJC_IMPLEMENTATIONS = YES;
				CLANG_WARN_DIRECT_OBJC_ISA_USAGE = YES_ERROR;
				CLANG_WARN_DOCUMENTATION_COMMENTS = YES;
				CLANG_WARN_EMPTY_BODY = YES;
				CLANG_WARN_ENUM_CONVERSION = YES;
				CLANG_WARN_INFINITE_RECURSION = YES;
				CLANG_WARN_INT_CONVERSION = YES;
				CLANG_WARN_NON_LITERAL_NULL_CONVERSION = YES;
				CLANG_WARN_OBJC_IMPLICIT_RETAIN_SELF = YES;
				CLANG_WARN_OBJC_LITERAL_CONVERSION = YES;
				CLANG_WARN_OBJC_ROOT_CLASS = YES_ERROR;
				CLANG_WARN_RANGE_LOOP_ANALYSIS = YES;
				CLANG_WARN_STRICT_PROTOTYPES = YES;
				CLANG_WARN_SUSPICIOUS_MOVE = YES;
				CLANG_WARN_UNGUARDED_AVAILABILITY = YES_AGGRESSIVE;
				CLANG_WARN_UNREACHABLE_CODE = YES;
				CLANG_WARN__DUPLICATE_METHOD_MATCH = YES;
				CODE_SIGN_IDENTITY = "iPhone Developer";
				COPY_PHASE_STRIP = NO;
				DEBUG_INFORMATION_FORMAT = "dwarf-with-dsym";
				ENABLE_NS_ASSERTIONS = NO;
				ENABLE_STRICT_OBJC_MSGSEND = YES;
				GCC_C_LANGUAGE_STANDARD = gnu11;
				GCC_NO_COMMON_BLOCKS = YES;
				GCC_WARN_64_TO_32_BIT_CONVERSION = YES;
				GCC_WARN_ABOUT_RETURN_TYPE = YES_ERROR;
				GCC_WARN_UNDECLARED_SELECTOR = YES;
				GCC_WARN_UNINITIALIZED_AUTOS = YES_AGGRESSIVE;
				GCC_WARN_UNUSED_FUNCTION = YES;
				GCC_WARN_UNUSED_VARIABLE = YES;
				IPHONEOS_DEPLOYMENT_TARGET = 12.0;
				MTL_ENABLE_DEBUG_INFO = NO;
				SDKROOT = iphoneos;
				SWIFT_OPTIMIZATION_LEVEL = "-Owholemodule";
				VALIDATE_PRODUCT = YES;
			};
			name = Release;
		};
		1D4B07B220233FF4002F745C /* Debug */ = {
			isa = XCBuildConfiguration;
			baseConfigurationReference = 0F22AF52DDDB1BFD3A028C93 /* Pods-MyFactures.debug.xcconfig */;
			buildSettings = {
				ASSETCATALOG_COMPILER_APPICON_NAME = AppIcon;
				CODE_SIGN_STYLE = Automatic;
				CURRENT_PROJECT_VERSION = 1;
				DEVELOPMENT_TEAM = T496A6N9T8;
				HEADER_SEARCH_PATHS = (
					"$(inherited)",
					"\"${PODS_ROOT}/Headers/Public\"",
					"\"${PODS_ROOT}/Headers/Public/mailcore2-ios\"",
					"\"${PODS_ROOT}/Headers/Public/mailcore2-ios/MailCore\"",
				);
				INFOPLIST_FILE = MyFactures/Info.plist;
				IPHONEOS_DEPLOYMENT_TARGET = 12.0;
				LD_RUNPATH_SEARCH_PATHS = "$(inherited) @executable_path/Frameworks";
				MARKETING_VERSION = 1.4.0;
				PRODUCT_BUNDLE_IDENTIFIER = com.sebconstant.MyFactures;
				PRODUCT_NAME = "$(TARGET_NAME)";
				SWIFT_OBJC_BRIDGING_HEADER = "$(SRCROOT)/MyFactures/MailCore2_Extensions/sendEmail_Bridge.h";
				SWIFT_VERSION = 5.0;
				TARGETED_DEVICE_FAMILY = "1,2";
			};
			name = Debug;
		};
		1D4B07B320233FF4002F745C /* Release */ = {
			isa = XCBuildConfiguration;
			baseConfigurationReference = 9B5D620116AA9C161F6D3C7C /* Pods-MyFactures.release.xcconfig */;
			buildSettings = {
				ASSETCATALOG_COMPILER_APPICON_NAME = AppIcon;
				CODE_SIGN_STYLE = Automatic;
				CURRENT_PROJECT_VERSION = 1;
				DEVELOPMENT_TEAM = T496A6N9T8;
				HEADER_SEARCH_PATHS = (
					"$(inherited)",
					"\"${PODS_ROOT}/Headers/Public\"",
					"\"${PODS_ROOT}/Headers/Public/mailcore2-ios\"",
					"\"${PODS_ROOT}/Headers/Public/mailcore2-ios/MailCore\"",
				);
				INFOPLIST_FILE = MyFactures/Info.plist;
				IPHONEOS_DEPLOYMENT_TARGET = 12.0;
				LD_RUNPATH_SEARCH_PATHS = "$(inherited) @executable_path/Frameworks";
				MARKETING_VERSION = 1.4.0;
				PRODUCT_BUNDLE_IDENTIFIER = com.sebconstant.MyFactures;
				PRODUCT_NAME = "$(TARGET_NAME)";
				SWIFT_OBJC_BRIDGING_HEADER = "$(SRCROOT)/MyFactures/MailCore2_Extensions/sendEmail_Bridge.h";
				SWIFT_VERSION = 5.0;
				TARGETED_DEVICE_FAMILY = "1,2";
			};
			name = Release;
		};
/* End XCBuildConfiguration section */

/* Begin XCConfigurationList section */
		1D4B078420233FF4002F745C /* Build configuration list for PBXProject "MyFactures" */ = {
			isa = XCConfigurationList;
			buildConfigurations = (
				1D4B07AF20233FF4002F745C /* Debug */,
				1D4B07B020233FF4002F745C /* Release */,
			);
			defaultConfigurationIsVisible = 0;
			defaultConfigurationName = Release;
		};
		1D4B07B120233FF4002F745C /* Build configuration list for PBXNativeTarget "MyFactures" */ = {
			isa = XCConfigurationList;
			buildConfigurations = (
				1D4B07B220233FF4002F745C /* Debug */,
				1D4B07B320233FF4002F745C /* Release */,
			);
			defaultConfigurationIsVisible = 0;
			defaultConfigurationName = Release;
		};
/* End XCConfigurationList section */

/* Begin XCVersionGroup section */
		BE4C72202369C04900061DF9 /* CoreDataModel.xcdatamodeld */ = {
			isa = XCVersionGroup;
			children = (
				BE4C72212369C04900061DF9 /* CoreDataModel.xcdatamodel */,
			);
			currentVersion = BE4C72212369C04900061DF9 /* CoreDataModel.xcdatamodel */;
			path = CoreDataModel.xcdatamodeld;
			sourceTree = "<group>";
			versionGroupType = wrapper.xcdatamodel;
		};
/* End XCVersionGroup section */
	};
	rootObject = 1D4B078120233FF4002F745C /* Project object */;
}
